
Microsoft Visual Studio Solution File, Format Version 12.00
Project("{FAE04EC0-301F-11D3-BF4B-00C04F79EFBC}") = "PacktLibrary", "PacktLibrary\PacktLibrary.csproj", "{9915FD63-5B4E-4B85-803C-9A04F4079CCE}"
EndProject
Project("{FAE04EC0-301F-11D3-BF4B-00C04F79EFBC}") = "PeopleApp", "PeopleApp\PeopleApp.csproj", "{A24258D0-95A9-453F-846C-C72E569C51D2}"
EndProject
Project("{FAE04EC0-301F-11D3-BF4B-00C04F79EFBC}") = "Exercise_Inheritance", "Exercise_Inheritance\Exercise_Inheritance.csproj", "{F32D5C31-E880-4C13-BA9B-92BE606174B8}"
EndProject
Global
	GlobalSection(SolutionConfigurationPlatforms) = preSolution
		Debug|Any CPU = Debug|Any CPU
		Release|Any CPU = Release|Any CPU
	EndGlobalSection
	GlobalSection(ProjectConfigurationPlatforms) = postSolution
		{9915FD63-5B4E-4B85-803C-9A04F4079CCE}.Debug|Any CPU.ActiveCfg = Debug|Any CPU
		{9915FD63-5B4E-4B85-803C-9A04F4079CCE}.Debug|Any CPU.Build.0 = Debug|Any CPU
		{9915FD63-5B4E-4B85-803C-9A04F4079CCE}.Release|Any CPU.ActiveCfg = Release|Any CPU
		{9915FD63-5B4E-4B85-803C-9A04F4079CCE}.Release|Any CPU.Build.0 = Release|Any CPU
		{A24258D0-95A9-453F-846C-C72E569C51D2}.Debug|Any CPU.ActiveCfg = Debug|Any CPU
		{A24258D0-95A9-453F-846C-C72E569C51D2}.Debug|Any CPU.Build.0 = Debug|Any CPU
		{A24258D0-95A9-453F-846C-C72E569C51D2}.Release|Any CPU.ActiveCfg = Release|Any CPU
		{A24258D0-95A9-453F-846C-C72E569C51D2}.Release|Any CPU.Build.0 = Release|Any CPU
		{F32D5C31-E880-4C13-BA9B-92BE606174B8}.Debug|Any CPU.ActiveCfg = Debug|Any CPU
		{F32D5C31-E880-4C13-BA9B-92BE606174B8}.Debug|Any CPU.Build.0 = Debug|Any CPU
		{F32D5C31-E880-4C13-BA9B-92BE606174B8}.Release|Any CPU.ActiveCfg = Release|Any CPU
		{F32D5C31-E880-4C13-BA9B-92BE606174B8}.Release|Any CPU.Build.0 = Release|Any CPU
	EndGlobalSection
EndGlobal
