
Microsoft Visual Studio Solution File, Format Version 12.00
Project("{FAE04EC0-301F-11D3-BF4B-00C04F79EFBC}") = "Exercise_Numbers", "Exercise_Numbers\Exercise_Numbers.csproj", "{52FA0F40-6E76-4EFC-BC48-CD89A8E2A5BB}"
EndProject
Global
	GlobalSection(SolutionConfigurationPlatforms) = preSolution
		Debug|Any CPU = Debug|Any CPU
		Release|Any CPU = Release|Any CPU
	EndGlobalSection
	GlobalSection(ProjectConfigurationPlatforms) = postSolution
		{52FA0F40-6E76-4EFC-BC48-CD89A8E2A5BB}.Debug|Any CPU.ActiveCfg = Debug|Any CPU
		{52FA0F40-6E76-4EFC-BC48-CD89A8E2A5BB}.Debug|Any CPU.Build.0 = Debug|Any CPU
		{52FA0F40-6E76-4EFC-BC48-CD89A8E2A5BB}.Release|Any CPU.ActiveCfg = Release|Any CPU
		{52FA0F40-6E76-4EFC-BC48-CD89A8E2A5BB}.Release|Any CPU.Build.0 = Release|Any CPU
	EndGlobalSection
EndGlobal
