
Microsoft Visual Studio Solution File, Format Version 12.00
Project("{FAE04EC0-301F-11D3-BF4B-00C04F79EFBC}") = "WorkingWithNumbers", "WorkingWithNumbers\WorkingWithNumbers.csproj", "{4D2DBB6A-3175-47E0-9A13-D9699019FC2F}"
EndProject
Project("{FAE04EC0-301F-11D3-BF4B-00C04F79EFBC}") = "WorkingWithRandom", "WorkingWithRandom\WorkingWithRandom.csproj", "{72BBA768-037C-4ADB-8F15-7A51EEEC6902}"
EndProject
Project("{FAE04EC0-301F-11D3-BF4B-00C04F79EFBC}") = "WorkingWithGuid", "WorkingWithGuid\WorkingWithGuid.csproj", "{F06A0E0E-C030-4CF4-8CBE-1AFDFB4BE3D3}"
EndProject
Project("{FAE04EC0-301F-11D3-BF4B-00C04F79EFBC}") = "WorkingWithText", "WorkingWithText\WorkingWithText.csproj", "{EBECCF58-8598-41A9-B4CC-7DD1BB1DF482}"
EndProject
Project("{FAE04EC0-301F-11D3-BF4B-00C04F79EFBC}") = "WorkingWithCharacters", "WorkingWithCharacters \WorkingWithCharacters.csproj", "{D3D7D4D5-CA2F-4E44-BDCB-35EEE48372E1}"
EndProject
Project("{FAE04EC0-301F-11D3-BF4B-00C04F79EFBC}") = "WorkingWithRegularExpressions", "WorkingWithRegularExpressions\WorkingWithRegularExpressions.csproj", "{739F998B-3140-4DDC-8928-D8FB50A3ECA0}"
EndProject
Project("{FAE04EC0-301F-11D3-BF4B-00C04F79EFBC}") = "WorkingWithCollections", "WorkingWithCollections\WorkingWithCollections.csproj", "{B14A4048-2C0D-4B2E-A897-F5E9AFCCED6B}"
EndProject
Global
	GlobalSection(SolutionConfigurationPlatforms) = preSolution
		Debug|Any CPU = Debug|Any CPU
		Release|Any CPU = Release|Any CPU
	EndGlobalSection
	GlobalSection(ProjectConfigurationPlatforms) = postSolution
		{4D2DBB6A-3175-47E0-9A13-D9699019FC2F}.Debug|Any CPU.ActiveCfg = Debug|Any CPU
		{4D2DBB6A-3175-47E0-9A13-D9699019FC2F}.Debug|Any CPU.Build.0 = Debug|Any CPU
		{4D2DBB6A-3175-47E0-9A13-D9699019FC2F}.Release|Any CPU.ActiveCfg = Release|Any CPU
		{4D2DBB6A-3175-47E0-9A13-D9699019FC2F}.Release|Any CPU.Build.0 = Release|Any CPU
		{72BBA768-037C-4ADB-8F15-7A51EEEC6902}.Debug|Any CPU.ActiveCfg = Debug|Any CPU
		{72BBA768-037C-4ADB-8F15-7A51EEEC6902}.Debug|Any CPU.Build.0 = Debug|Any CPU
		{72BBA768-037C-4ADB-8F15-7A51EEEC6902}.Release|Any CPU.ActiveCfg = Release|Any CPU
		{72BBA768-037C-4ADB-8F15-7A51EEEC6902}.Release|Any CPU.Build.0 = Release|Any CPU
		{F06A0E0E-C030-4CF4-8CBE-1AFDFB4BE3D3}.Debug|Any CPU.ActiveCfg = Debug|Any CPU
		{F06A0E0E-C030-4CF4-8CBE-1AFDFB4BE3D3}.Debug|Any CPU.Build.0 = Debug|Any CPU
		{F06A0E0E-C030-4CF4-8CBE-1AFDFB4BE3D3}.Release|Any CPU.ActiveCfg = Release|Any CPU
		{F06A0E0E-C030-4CF4-8CBE-1AFDFB4BE3D3}.Release|Any CPU.Build.0 = Release|Any CPU
		{EBECCF58-8598-41A9-B4CC-7DD1BB1DF482}.Debug|Any CPU.ActiveCfg = Debug|Any CPU
		{EBECCF58-8598-41A9-B4CC-7DD1BB1DF482}.Debug|Any CPU.Build.0 = Debug|Any CPU
		{EBECCF58-8598-41A9-B4CC-7DD1BB1DF482}.Release|Any CPU.ActiveCfg = Release|Any CPU
		{EBECCF58-8598-41A9-B4CC-7DD1BB1DF482}.Release|Any CPU.Build.0 = Release|Any CPU
		{D3D7D4D5-CA2F-4E44-BDCB-35EEE48372E1}.Debug|Any CPU.ActiveCfg = Debug|Any CPU
		{D3D7D4D5-CA2F-4E44-BDCB-35EEE48372E1}.Debug|Any CPU.Build.0 = Debug|Any CPU
		{D3D7D4D5-CA2F-4E44-BDCB-35EEE48372E1}.Release|Any CPU.ActiveCfg = Release|Any CPU
		{D3D7D4D5-CA2F-4E44-BDCB-35EEE48372E1}.Release|Any CPU.Build.0 = Release|Any CPU
		{739F998B-3140-4DDC-8928-D8FB50A3ECA0}.Debug|Any CPU.ActiveCfg = Debug|Any CPU
		{739F998B-3140-4DDC-8928-D8FB50A3ECA0}.Debug|Any CPU.Build.0 = Debug|Any CPU
		{739F998B-3140-4DDC-8928-D8FB50A3ECA0}.Release|Any CPU.ActiveCfg = Release|Any CPU
		{739F998B-3140-4DDC-8928-D8FB50A3ECA0}.Release|Any CPU.Build.0 = Release|Any CPU
		{B14A4048-2C0D-4B2E-A897-F5E9AFCCED6B}.Debug|Any CPU.ActiveCfg = Debug|Any CPU
		{B14A4048-2C0D-4B2E-A897-F5E9AFCCED6B}.Debug|Any CPU.Build.0 = Debug|Any CPU
		{B14A4048-2C0D-4B2E-A897-F5E9AFCCED6B}.Release|Any CPU.ActiveCfg = Release|Any CPU
		{B14A4048-2C0D-4B2E-A897-F5E9AFCCED6B}.Release|Any CPU.Build.0 = Release|Any CPU
	EndGlobalSection
EndGlobal
